<?xml version="1.0" encoding="utf-8"?>
<Project ToolsVersion="4.0" xmlns="http://schemas.microsoft.com/developer/msbuild/2003">
  <ItemGroup>
    <Filter Include="Interfaces">
      <UniqueIdentifier>{24923bec-67f6-4a8e-8ada-cda1fb78f1e9}</UniqueIdentifier>
    </Filter>
    <Filter Include="App">
      <UniqueIdentifier>{bf953765-b797-444d-8322-84739158ad1e}</UniqueIdentifier>
    </Filter>
    <Filter Include="App\Header Files">
      <UniqueIdentifier>{93995380-89BD-4b04-88EB-625FBE52EBFB}</UniqueIdentifier>
      <Extensions>h;hh;hpp;hxx;hm;inl;inc;xsd</Extensions>
    </Filter>
    <Filter Include="App\Source Files">
      <UniqueIdentifier>{4FC737F1-C7A5-4376-A066-2A32D752A2FF}</UniqueIdentifier>
      <Extensions>cpp;c;cc;cxx;def;odl;idl;hpj;bat;asm;asmx</Extensions>
    </Filter>
    <Filter Include="Helpers">
      <UniqueIdentifier>{8fa79c32-cbcb-4f46-90b9-fd8506f4afe6}</UniqueIdentifier>
    </Filter>
    <Filter Include="Helpers\Header Files">
      <UniqueIdentifier>{bd60b2ed-836c-4ac5-86d8-ea2806f2b4cd}</UniqueIdentifier>
    </Filter>
    <Filter Include="Helpers\Source Files">
      <UniqueIdentifier>{38ea2f32-b113-4239-8ec1-3bc1616af486}</UniqueIdentifier>
    </Filter>
  </ItemGroup>
  <ItemGroup>
    <ClInclude Include="stdafx.h">
      <Filter>App\Header Files</Filter>
    </ClInclude>
    <ClInclude Include="IApplication.h">
      <Filter>Interfaces</Filter>
    </ClInclude>
    <ClInclude Include="ZenDiaryApp.h">
      <Filter>App\Header Files</Filter>
    </ClInclude>
    <ClInclude Include="ISerializable.h">
      <Filter>Interfaces</Filter>
    </ClInclude>
    <ClInclude Include="ZenDiary.h">
      <Filter>Helpers\Header Files</Filter>
    </ClInclude>
    <ClInclude Include="MenuHandler.h">
      <Filter>App\Header Files</Filter>
    </ClInclude>
    <ClInclude Include="MethodHandler.h">
      <Filter>App\Header Files</Filter>
    </ClInclude>
    <ClInclude Include="WebWindow.h">
      <Filter>App\Header Files</Filter>
    </ClInclude>
    <ClInclude Include="JSHandlers.h">
      <Filter>App\Header Files</Filter>
    </ClInclude>
  </ItemGroup>
  <ItemGroup>
    <ClCompile Include="stdafx.cpp">
      <Filter>App\Source Files</Filter>
    </ClCompile>
    <ClCompile Include="main.cpp">
      <Filter>App\Source Files</Filter>
    </ClCompile>
    <ClCompile Include="ZenDiaryApp.cpp">
      <Filter>App\Source Files</Filter>
    </ClCompile>
    <ClCompile Include="String.cpp">
      <Filter>Helpers\Source Files</Filter>
    </ClCompile>
    <ClCompile Include="Files.cpp">
      <Filter>Helpers\Source Files</Filter>
    </ClCompile>
    <ClCompile Include="Serialization.cpp">
      <Filter>Helpers\Source Files</Filter>
    </ClCompile>
    <ClCompile Include="MenuHandler.cpp">
      <Filter>App\Source Files</Filter>
    </ClCompile>
    <ClCompile Include="MethodHandler.cpp">
      <Filter>App\Source Files</Filter>
    </ClCompile>
    <ClCompile Include="WebWindow.cpp">
      <Filter>App\Source Files</Filter>
    </ClCompile>
    <ClCompile Include="JSHandlers.cpp">
      <Filter>App\Source Files</Filter>
    </ClCompile>
  </ItemGroup>
</Project>