<?xml version="1.0" encoding="utf-8"?>
<Project ToolsVersion="4.0" xmlns="http://schemas.microsoft.com/developer/msbuild/2003">
  <ItemGroup>
    <Filter Include="Interfaces">
      <UniqueIdentifier>{24923bec-67f6-4a8e-8ada-cda1fb78f1e9}</UniqueIdentifier>
    </Filter>
    <Filter Include="App">
      <UniqueIdentifier>{bf953765-b797-444d-8322-84739158ad1e}</UniqueIdentifier>
    </Filter>
    <Filter Include="App\Header Files">
      <UniqueIdentifier>{93995380-89BD-4b04-88EB-625FBE52EBFB}</UniqueIdentifier>
      <Extensions>h;hh;hpp;hxx;hm;inl;inc;xsd</Extensions>
    </Filter>
    <Filter Include="App\Source Files">
      <UniqueIdentifier>{4FC737F1-C7A5-4376-A066-2A32D752A2FF}</UniqueIdentifier>
      <Extensions>cpp;c;cc;cxx;def;odl;idl;hpj;bat;asm;asmx</Extensions>
    </Filter>
    <Filter Include="Helpers">
      <UniqueIdentifier>{8fa79c32-cbcb-4f46-90b9-fd8506f4afe6}</UniqueIdentifier>
    </Filter>
    <Filter Include="Helpers\Header Files">
      <UniqueIdentifier>{bd60b2ed-836c-4ac5-86d8-ea2806f2b4cd}</UniqueIdentifier>
    </Filter>
    <Filter Include="Helpers\Source Files">
      <UniqueIdentifier>{38ea2f32-b113-4239-8ec1-3bc1616af486}</UniqueIdentifier>
    </Filter>
    <Filter Include="utf-8">
      <UniqueIdentifier>{2faf212a-7b32-4144-abef-d68c2f6756a8}</UniqueIdentifier>
    </Filter>
    <Filter Include="utf-8\Header Files">
      <UniqueIdentifier>{84bfeaa9-0e83-44fa-8616-632831ec0f05}</UniqueIdentifier>
    </Filter>
    <Filter Include="utf-8\Source Files">
      <UniqueIdentifier>{fd9518e0-aa72-46bd-8155-a0ab8b9161c8}</UniqueIdentifier>
    </Filter>
    <Filter Include="Settings">
      <UniqueIdentifier>{d4f60552-9b84-445f-8d5e-555949c0520d}</UniqueIdentifier>
    </Filter>
    <Filter Include="Settings\Header Files">
      <UniqueIdentifier>{d30c5d75-43ba-4866-85a0-192bb87d2baa}</UniqueIdentifier>
    </Filter>
    <Filter Include="Settings\Source Files">
      <UniqueIdentifier>{cff8d50d-be7d-411e-9ec2-42856e7651c7}</UniqueIdentifier>
    </Filter>
    <Filter Include="Zip">
      <UniqueIdentifier>{12b79da6-7757-43c6-a399-eb48c3c79105}</UniqueIdentifier>
    </Filter>
    <Filter Include="Zip\Header Files">
      <UniqueIdentifier>{54aa574d-2bc4-436b-a89d-248ab89e3d0f}</UniqueIdentifier>
    </Filter>
    <Filter Include="Zip\Source Files">
      <UniqueIdentifier>{a5ffa293-5282-42eb-aa16-feedc8eed156}</UniqueIdentifier>
    </Filter>
    <Filter Include="Resource Files">
      <UniqueIdentifier>{896c55d4-f132-43c6-a009-05cdba767db3}</UniqueIdentifier>
    </Filter>
  </ItemGroup>
  <ItemGroup>
    <ClInclude Include="stdafx.h">
      <Filter>App\Header Files</Filter>
    </ClInclude>
    <ClInclude Include="IApplication.h">
      <Filter>Interfaces</Filter>
    </ClInclude>
    <ClInclude Include="ZenDiaryApp.h">
      <Filter>App\Header Files</Filter>
    </ClInclude>
    <ClInclude Include="ISerializable.h">
      <Filter>Interfaces</Filter>
    </ClInclude>
    <ClInclude Include="ZenDiary.h">
      <Filter>Helpers\Header Files</Filter>
    </ClInclude>
    <ClInclude Include="MenuHandler.h">
      <Filter>App\Header Files</Filter>
    </ClInclude>
    <ClInclude Include="MethodHandler.h">
      <Filter>App\Header Files</Filter>
    </ClInclude>
    <ClInclude Include="WebWindow.h">
      <Filter>App\Header Files</Filter>
    </ClInclude>
    <ClInclude Include="JSHandlers.h">
      <Filter>App\Header Files</Filter>
    </ClInclude>
    <ClInclude Include="Md5.h">
      <Filter>Helpers\Header Files</Filter>
    </ClInclude>
    <ClInclude Include="utf8.h">
      <Filter>utf-8\Header Files</Filter>
    </ClInclude>
    <ClInclude Include="utf8\checked.h">
      <Filter>utf-8\Header Files</Filter>
    </ClInclude>
    <ClInclude Include="utf8\core.h">
      <Filter>utf-8\Header Files</Filter>
    </ClInclude>
    <ClInclude Include="utf8\unchecked.h">
      <Filter>utf-8\Header Files</Filter>
    </ClInclude>
    <ClInclude Include="GlobalSettings.h">
      <Filter>Settings\Header Files</Filter>
    </ClInclude>
    <ClInclude Include="AuthSettings.h">
      <Filter>Settings\Header Files</Filter>
    </ClInclude>
    <ClInclude Include="GuiSettings.h">
      <Filter>Settings\Header Files</Filter>
    </ClInclude>
    <ClInclude Include="WindowSettings.h">
      <Filter>Settings\Header Files</Filter>
    </ClInclude>
    <ClInclude Include="SQLite.h">
      <Filter>App\Header Files</Filter>
    </ClInclude>
    <ClInclude Include="ZenDataSource.h">
      <Filter>App\Header Files</Filter>
    </ClInclude>
    <ClInclude Include="CmdArguments.h">
      <Filter>App\Header Files</Filter>
    </ClInclude>
    <ClInclude Include="ArgumentType.h">
      <Filter>App\Header Files</Filter>
    </ClInclude>
    <ClInclude Include="ArgumentValue.h">
      <Filter>App\Header Files</Filter>
    </ClInclude>
    <ClInclude Include="Updater.h">
      <Filter>App\Header Files</Filter>
    </ClInclude>
    <ClInclude Include="unzip.h">
      <Filter>Zip\Header Files</Filter>
    </ClInclude>
    <ClInclude Include="zip.h">
      <Filter>Zip\Header Files</Filter>
    </ClInclude>
    <ClInclude Include="resource.h">
      <Filter>App\Header Files</Filter>
    </ClInclude>
    <ClInclude Include="DatabaseSettings.h">
      <Filter>Settings\Header Files</Filter>
    </ClInclude>
  </ItemGroup>
  <ItemGroup>
    <ClCompile Include="stdafx.cpp">
      <Filter>App\Source Files</Filter>
    </ClCompile>
    <ClCompile Include="main.cpp">
      <Filter>App\Source Files</Filter>
    </ClCompile>
    <ClCompile Include="ZenDiaryApp.cpp">
      <Filter>App\Source Files</Filter>
    </ClCompile>
    <ClCompile Include="String.cpp">
      <Filter>Helpers\Source Files</Filter>
    </ClCompile>
    <ClCompile Include="Files.cpp">
      <Filter>Helpers\Source Files</Filter>
    </ClCompile>
    <ClCompile Include="Serialization.cpp">
      <Filter>Helpers\Source Files</Filter>
    </ClCompile>
    <ClCompile Include="MenuHandler.cpp">
      <Filter>App\Source Files</Filter>
    </ClCompile>
    <ClCompile Include="MethodHandler.cpp">
      <Filter>App\Source Files</Filter>
    </ClCompile>
    <ClCompile Include="WebWindow.cpp">
      <Filter>App\Source Files</Filter>
    </ClCompile>
    <ClCompile Include="JSHandlers.cpp">
      <Filter>App\Source Files</Filter>
    </ClCompile>
    <ClCompile Include="Crypto.cpp">
      <Filter>Helpers\Source Files</Filter>
    </ClCompile>
    <ClCompile Include="Md5.cpp">
      <Filter>Helpers\Source Files</Filter>
    </ClCompile>
    <ClCompile Include="GlobalSettings.cpp">
      <Filter>Settings\Source Files</Filter>
    </ClCompile>
    <ClCompile Include="AuthSettings.cpp">
      <Filter>Settings\Source Files</Filter>
    </ClCompile>
    <ClCompile Include="GuiSettings.cpp">
      <Filter>Settings\Source Files</Filter>
    </ClCompile>
    <ClCompile Include="WindowSettings.cpp">
      <Filter>Settings\Source Files</Filter>
    </ClCompile>
    <ClCompile Include="SQLite.cpp">
      <Filter>App\Source Files</Filter>
    </ClCompile>
    <ClCompile Include="ZenDataSource.cpp">
      <Filter>App\Source Files</Filter>
    </ClCompile>
    <ClCompile Include="CmdArguments.cpp">
      <Filter>App\Source Files</Filter>
    </ClCompile>
    <ClCompile Include="ArgumentValue.cpp">
      <Filter>App\Source Files</Filter>
    </ClCompile>
    <ClCompile Include="Updater.cpp">
      <Filter>App\Source Files</Filter>
    </ClCompile>
    <ClCompile Include="unzip.cpp">
      <Filter>Zip\Source Files</Filter>
    </ClCompile>
    <ClCompile Include="zip.cpp">
      <Filter>Zip\Source Files</Filter>
    </ClCompile>
    <ClCompile Include="Win32.cpp">
      <Filter>Helpers\Source Files</Filter>
    </ClCompile>
    <ClCompile Include="DatabaseSettings.cpp">
      <Filter>Settings\Source Files</Filter>
    </ClCompile>
  </ItemGroup>
  <ItemGroup>
    <ResourceCompile Include="zen-diary.rc" />
  </ItemGroup>
  <ItemGroup>
    <Image Include="..\icon.ico" />
  </ItemGroup>
</Project>